// !$*UTF8*$!
{
	archiveVersion = 1;
	classes = {
	};
	objectVersion = 56;
	objects = {

/* Begin PBXBuildFile section */
		3F04DEB82BEEC21C00483AE3 /* CYTGMApp.swift in Sources */ = {isa = PBXBuildFile; fileRef = 3F04DEB72BEEC21C00483AE3 /* CYTGMApp.swift */; };
		3F04DEBA2BEEC21C00483AE3 /* ContentView.swift in Sources */ = {isa = PBXBuildFile; fileRef = 3F04DEB92BEEC21C00483AE3 /* ContentView.swift */; };
		3F04DEBC2BEEC22000483AE3 /* Assets.xcassets in Resources */ = {isa = PBXBuildFile; fileRef = 3F04DEBB2BEEC22000483AE3 /* Assets.xcassets */; };
		3F04DEBF2BEEC22000483AE3 /* Preview Assets.xcassets in Resources */ = {isa = PBXBuildFile; fileRef = 3F04DEBE2BEEC22000483AE3 /* Preview Assets.xcassets */; };
		3FEAD8202C139F9400FFE985 /* Video.swift in Sources */ = {isa = PBXBuildFile; fileRef = 3FEAD81F2C139F9400FFE985 /* Video.swift */; };
		3FEAD8222C13A1B600FFE985 /* Videos.swift in Sources */ = {isa = PBXBuildFile; fileRef = 3FEAD8212C13A1B600FFE985 /* Videos.swift */; };
		3FEAD8242C13A26900FFE985 /* Tag.swift in Sources */ = {isa = PBXBuildFile; fileRef = 3FEAD8232C13A26900FFE985 /* Tag.swift */; };
		3FEAD8262C13A60E00FFE985 /* Vids.json in Resources */ = {isa = PBXBuildFile; fileRef = 3FEAD8252C13A60E00FFE985 /* Vids.json */; };
		3FF780672C0131A900F13D37 /* VideoView.swift in Sources */ = {isa = PBXBuildFile; fileRef = 3FF780662C0131A900F13D37 /* VideoView.swift */; };
/* End PBXBuildFile section */

/* Begin PBXFileReference section */
		3F04DEB42BEEC21C00483AE3 /* CYTGM.app */ = {isa = PBXFileReference; explicitFileType = wrapper.application; includeInIndex = 0; path = CYTGM.app; sourceTree = BUILT_PRODUCTS_DIR; };
		3F04DEB72BEEC21C00483AE3 /* CYTGMApp.swift */ = {isa = PBXFileReference; lastKnownFileType = sourcecode.swift; path = CYTGMApp.swift; sourceTree = "<group>"; };
		3F04DEB92BEEC21C00483AE3 /* ContentView.swift */ = {isa = PBXFileReference; lastKnownFileType = sourcecode.swift; path = ContentView.swift; sourceTree = "<group>"; };
		3F04DEBB2BEEC22000483AE3 /* Assets.xcassets */ = {isa = PBXFileReference; lastKnownFileType = folder.assetcatalog; path = Assets.xcassets; sourceTree = "<group>"; };
		3F04DEBE2BEEC22000483AE3 /* Preview Assets.xcassets */ = {isa = PBXFileReference; lastKnownFileType = folder.assetcatalog; path = "Preview Assets.xcassets"; sourceTree = "<group>"; };
		3FEAD81F2C139F9400FFE985 /* Video.swift */ = {isa = PBXFileReference; lastKnownFileType = sourcecode.swift; path = Video.swift; sourceTree = "<group>"; };
		3FEAD8212C13A1B600FFE985 /* Videos.swift */ = {isa = PBXFileReference; lastKnownFileType = sourcecode.swift; path = Videos.swift; sourceTree = "<group>"; };
		3FEAD8232C13A26900FFE985 /* Tag.swift */ = {isa = PBXFileReference; lastKnownFileType = sourcecode.swift; path = Tag.swift; sourceTree = "<group>"; };
		3FEAD8252C13A60E00FFE985 /* Vids.json */ = {isa = PBXFileReference; fileEncoding = 4; lastKnownFileType = text.json; path = Vids.json; sourceTree = "<group>"; };
		3FF780662C0131A900F13D37 /* VideoView.swift */ = {isa = PBXFileReference; lastKnownFileType = sourcecode.swift; path = VideoView.swift; sourceTree = "<group>"; };
/* End PBXFileReference section */

/* Begin PBXFrameworksBuildPhase section */
		3F04DEB12BEEC21C00483AE3 /* Frameworks */ = {
			isa = PBXFrameworksBuildPhase;
			buildActionMask = 2147483647;
			files = (
			);
			runOnlyForDeploymentPostprocessing = 0;
		};
/* End PBXFrameworksBuildPhase section */

/* Begin PBXGroup section */
		3F04DEAB2BEEC21C00483AE3 = {
			isa = PBXGroup;
			children = (
				3F04DEB62BEEC21C00483AE3 /* CYTGM */,
				3F04DEB52BEEC21C00483AE3 /* Products */,
			);
			sourceTree = "<group>";
		};
		3F04DEB52BEEC21C00483AE3 /* Products */ = {
			isa = PBXGroup;
			children = (
				3F04DEB42BEEC21C00483AE3 /* CYTGM.app */,
			);
			name = Products;
			sourceTree = "<group>";
		};
		3F04DEB62BEEC21C00483AE3 /* CYTGM */ = {
			isa = PBXGroup;
			children = (
				3F04DEB72BEEC21C00483AE3 /* CYTGMApp.swift */,
				3FF780662C0131A900F13D37 /* VideoView.swift */,
				3FEAD81F2C139F9400FFE985 /* Video.swift */,
				3FEAD8232C13A26900FFE985 /* Tag.swift */,
				3FEAD8252C13A60E00FFE985 /* Vids.json */,
				3FEAD8212C13A1B600FFE985 /* Videos.swift */,
				3F04DEB92BEEC21C00483AE3 /* ContentView.swift */,
				3F04DEBB2BEEC22000483AE3 /* Assets.xcassets */,
				3F04DEBD2BEEC22000483AE3 /* Preview Content */,
			);
			path = CYTGM;
			sourceTree = "<group>";
		};
		3F04DEBD2BEEC22000483AE3 /* Preview Content */ = {
			isa = PBXGroup;
			children = (
				3F04DEBE2BEEC22000483AE3 /* Preview Assets.xcassets */,
			);
			path = "Preview Content";
			sourceTree = "<group>";
		};
/* End PBXGroup section */

/* Begin PBXNativeTarget section */
		3F04DEB32BEEC21C00483AE3 /* CYTGM */ = {
			isa = PBXNativeTarget;
			buildConfigurationList = 3F04DEC22BEEC22000483AE3 /* Build configuration list for PBXNativeTarget "CYTGM" */;
			buildPhases = (
				3F04DEB02BEEC21C00483AE3 /* Sources */,
				3F04DEB12BEEC21C00483AE3 /* Frameworks */,
				3F04DEB22BEEC21C00483AE3 /* Resources */,
			);
			buildRules = (
			);
			dependencies = (
			);
			name = CYTGM;
			productName = CYTGM;
			productReference = 3F04DEB42BEEC21C00483AE3 /* CYTGM.app */;
			productType = "com.apple.product-type.application";
		};
/* End PBXNativeTarget section */

/* Begin PBXProject section */
		3F04DEAC2BEEC21C00483AE3 /* Project object */ = {
			isa = PBXProject;
			attributes = {
				BuildIndependentTargetsInParallel = 1;
				LastSwiftUpdateCheck = 1400;
				LastUpgradeCheck = 1400;
				TargetAttributes = {
					3F04DEB32BEEC21C00483AE3 = {
						CreatedOnToolsVersion = 14.0.1;
					};
				};
			};
			buildConfigurationList = 3F04DEAF2BEEC21C00483AE3 /* Build configuration list for PBXProject "CYTGM" */;
			compatibilityVersion = "Xcode 14.0";
			developmentRegion = en;
			hasScannedForEncodings = 0;
			knownRegions = (
				en,
				Base,
			);
			mainGroup = 3F04DEAB2BEEC21C00483AE3;
			productRefGroup = 3F04DEB52BEEC21C00483AE3 /* Products */;
			projectDirPath = "";
			projectRoot = "";
			targets = (
				3F04DEB32BEEC21C00483AE3 /* CYTGM */,
			);
		};
/* End PBXProject section */

/* Begin PBXResourcesBuildPhase section */
		3F04DEB22BEEC21C00483AE3 /* Resources */ = {
			isa = PBXResourcesBuildPhase;
			buildActionMask = 2147483647;
			files = (
				3F04DEBF2BEEC22000483AE3 /* Preview Assets.xcassets in Resources */,
				3F04DEBC2BEEC22000483AE3 /* Assets.xcassets in Resources */,
				3FEAD8262C13A60E00FFE985 /* Vids.json in Resources */,
			);
			runOnlyForDeploymentPostprocessing = 0;
		};
/* End PBXResourcesBuildPhase section */

/* Begin PBXSourcesBuildPhase section */
		3F04DEB02BEEC21C00483AE3 /* Sources */ = {
			isa = PBXSourcesBuildPhase;
			buildActionMask = 2147483647;
			files = (
				3FEAD8242C13A26900FFE985 /* Tag.swift in Sources */,
				3FF780672C0131A900F13D37 /* VideoView.swift in Sources */,
				3FEAD8202C139F9400FFE985 /* Video.swift in Sources */,
				3F04DEBA2BEEC21C00483AE3 /* ContentView.swift in Sources */,
				3FEAD8222C13A1B600FFE985 /* Videos.swift in Sources */,
				3F04DEB82BEEC21C00483AE3 /* CYTGMApp.swift in Sources */,
			);
			runOnlyForDeploymentPostprocessing = 0;
		};
/* End PBXSourcesBuildPhase section */

/* Begin XCBuildConfiguration section */
		3F04DEC02BEEC22000483AE3 /* Debug */ = {
			isa = XCBuildConfiguration;
			buildSettings = {
				ALWAYS_SEARCH_USER_PATHS = NO;
				CLANG_ANALYZER_NONNULL = YES;
				CLANG_ANALYZER_NUMBER_OBJECT_CONVERSION = YES_AGGRESSIVE;
				CLANG_CXX_LANGUAGE_STANDARD = "gnu++20";
				CLANG_ENABLE_MODULES = YES;
				CLANG_ENABLE_OBJC_ARC = YES;
				CLANG_ENABLE_OBJC_WEAK = YES;
				CLANG_WARN_BLOCK_CAPTURE_AUTORELEASING = YES;
				CLANG_WARN_BOOL_CONVERSION = YES;
				CLANG_WARN_COMMA = YES;
				CLANG_WARN_CONSTANT_CONVERSION = YES;
				CLANG_WARN_DEPRECATED_OBJC_IMPLEMENTATIONS = YES;
				CLANG_WARN_DIRECT_OBJC_ISA_USAGE = YES_ERROR;
				CLANG_WARN_DOCUMENTATION_COMMENTS = YES;
				CLANG_WARN_EMPTY_BODY = YES;
				CLANG_WARN_ENUM_CONVERSION = YES;
				CLANG_WARN_INFINITE_RECURSION = YES;
				CLANG_WARN_INT_CONVERSION = YES;
				CLANG_WARN_NON_LITERAL_NULL_CONVERSION = YES;
				CLANG_WARN_OBJC_IMPLICIT_RETAIN_SELF = YES;
				CLANG_WARN_OBJC_LITERAL_CONVERSION = YES;
				CLANG_WARN_OBJC_ROOT_CLASS = YES_ERROR;
				CLANG_WARN_QUOTED_INCLUDE_IN_FRAMEWORK_HEADER = YES;
				CLANG_WARN_RANGE_LOOP_ANALYSIS = YES;
				CLANG_WARN_STRICT_PROTOTYPES = YES;
				CLANG_WARN_SUSPICIOUS_MOVE = YES;
				CLANG_WARN_UNGUARDED_AVAILABILITY = YES_AGGRESSIVE;
				CLANG_WARN_UNREACHABLE_CODE = YES;
				CLANG_WARN__DUPLICATE_METHOD_MATCH = YES;
				COPY_PHASE_STRIP = NO;
				DEBUG_INFORMATION_FORMAT = dwarf;
				ENABLE_STRICT_OBJC_MSGSEND = YES;
				ENABLE_TESTABILITY = YES;
				GCC_C_LANGUAGE_STANDARD = gnu11;
				GCC_DYNAMIC_NO_PIC = NO;
				GCC_NO_COMMON_BLOCKS = YES;
				GCC_OPTIMIZATION_LEVEL = 0;
				GCC_PREPROCESSOR_DEFINITIONS = (
					"DEBUG=1",
					"$(inherited)",
				);
				GCC_WARN_64_TO_32_BIT_CONVERSION = YES;
				GCC_WARN_ABOUT_RETURN_TYPE = YES_ERROR;
				GCC_WARN_UNDECLARED_SELECTOR = YES;
				GCC_WARN_UNINITIALIZED_AUTOS = YES_AGGRESSIVE;
				GCC_WARN_UNUSED_FUNCTION = YES;
				GCC_WARN_UNUSED_VARIABLE = YES;
				IPHONEOS_DEPLOYMENT_TARGET = 16.0;
				MTL_ENABLE_DEBUG_INFO = INCLUDE_SOURCE;
				MTL_FAST_MATH = YES;
				ONLY_ACTIVE_ARCH = YES;
				SDKROOT = iphoneos;
				SWIFT_ACTIVE_COMPILATION_CONDITIONS = DEBUG;
				SWIFT_OPTIMIZATION_LEVEL = "-Onone";
			};
			name = Debug;
		};
		3F04DEC12BEEC22000483AE3 /* Release */ = {
			isa = XCBuildConfiguration;
			buildSettings = {
				ALWAYS_SEARCH_USER_PATHS = NO;
				CLANG_ANALYZER_NONNULL = YES;
				CLANG_ANALYZER_NUMBER_OBJECT_CONVERSION = YES_AGGRESSIVE;
				CLANG_CXX_LANGUAGE_STANDARD = "gnu++20";
				CLANG_ENABLE_MODULES = YES;
				CLANG_ENABLE_OBJC_ARC = YES;
				CLANG_ENABLE_OBJC_WEAK = YES;
				CLANG_WARN_BLOCK_CAPTURE_AUTORELEASING = YES;
				CLANG_WARN_BOOL_CONVERSION = YES;
				CLANG_WARN_COMMA = YES;
				CLANG_WARN_CONSTANT_CONVERSION = YES;
				CLANG_WARN_DEPRECATED_OBJC_IMPLEMENTATIONS = YES;
				CLANG_WARN_DIRECT_OBJC_ISA_USAGE = YES_ERROR;
				CLANG_WARN_DOCUMENTATION_COMMENTS = YES;
				CLANG_WARN_EMPTY_BODY = YES;
				CLANG_WARN_ENUM_CONVERSION = YES;
				CLANG_WARN_INFINITE_RECURSION = YES;
				CLANG_WARN_INT_CONVERSION = YES;
				CLANG_WARN_NON_LITERAL_NULL_CONVERSION = YES;
				CLANG_WARN_OBJC_IMPLICIT_RETAIN_SELF = YES;
				CLANG_WARN_OBJC_LITERAL_CONVERSION = YES;
				CLANG_WARN_OBJC_ROOT_CLASS = YES_ERROR;
				CLANG_WARN_QUOTED_INCLUDE_IN_FRAMEWORK_HEADER = YES;
				CLANG_WARN_RANGE_LOOP_ANALYSIS = YES;
				CLANG_WARN_STRICT_PROTOTYPES = YES;
				CLANG_WARN_SUSPICIOUS_MOVE = YES;
				CLANG_WARN_UNGUARDED_AVAILABILITY = YES_AGGRESSIVE;
				CLANG_WARN_UNREACHABLE_CODE = YES;
				CLANG_WARN__DUPLICATE_METHOD_MATCH = YES;
				COPY_PHASE_STRIP = NO;
				DEBUG_INFORMATION_FORMAT = "dwarf-with-dsym";
				ENABLE_NS_ASSERTIONS = NO;
				ENABLE_STRICT_OBJC_MSGSEND = YES;
				GCC_C_LANGUAGE_STANDARD = gnu11;
				GCC_NO_COMMON_BLOCKS = YES;
				GCC_WARN_64_TO_32_BIT_CONVERSION = YES;
				GCC_WARN_ABOUT_RETURN_TYPE = YES_ERROR;
				GCC_WARN_UNDECLARED_SELECTOR = YES;
				GCC_WARN_UNINITIALIZED_AUTOS = YES_AGGRESSIVE;
				GCC_WARN_UNUSED_FUNCTION = YES;
				GCC_WARN_UNUSED_VARIABLE = YES;
				IPHONEOS_DEPLOYMENT_TARGET = 16.0;
				MTL_ENABLE_DEBUG_INFO = NO;
				MTL_FAST_MATH = YES;
				SDKROOT = iphoneos;
				SWIFT_COMPILATION_MODE = wholemodule;
				SWIFT_OPTIMIZATION_LEVEL = "-O";
				VALIDATE_PRODUCT = YES;
			};
			name = Release;
		};
		3F04DEC32BEEC22000483AE3 /* Debug */ = {
			isa = XCBuildConfiguration;
			buildSettings = {
				ASSETCATALOG_COMPILER_APPICON_NAME = AppIcon;
				ASSETCATALOG_COMPILER_GLOBAL_ACCENT_COLOR_NAME = AccentColor;
				CODE_SIGN_STYLE = Automatic;
				CURRENT_PROJECT_VERSION = 1;
				DEVELOPMENT_ASSET_PATHS = "\"CYTGM/Preview Content\"";
				ENABLE_PREVIEWS = YES;
				GENERATE_INFOPLIST_FILE = YES;
				INFOPLIST_KEY_UIApplicationSceneManifest_Generation = YES;
				INFOPLIST_KEY_UIApplicationSupportsIndirectInputEvents = YES;
				INFOPLIST_KEY_UILaunchScreen_Generation = YES;
				INFOPLIST_KEY_UISupportedInterfaceOrientations_iPad = "UIInterfaceOrientationPortrait UIInterfaceOrientationPortraitUpsideDown UIInterfaceOrientationLandscapeLeft UIInterfaceOrientationLandscapeRight";
				INFOPLIST_KEY_UISupportedInterfaceOrientations_iPhone = "UIInterfaceOrientationPortrait UIInterfaceOrientationLandscapeLeft UIInterfaceOrientationLandscapeRight";
				LD_RUNPATH_SEARCH_PATHS = (
					"$(inherited)",
					"@executable_path/Frameworks",
				);
				MARKETING_VERSION = 1.0;
				PRODUCT_BUNDLE_IDENTIFIER = MaiTran.CYTGM;
				PRODUCT_NAME = "$(TARGET_NAME)";
				SWIFT_EMIT_LOC_STRINGS = YES;
				SWIFT_VERSION = 5.0;
				TARGETED_DEVICE_FAMILY = "1,2";
			};
			name = Debug;
		};
		3F04DEC42BEEC22000483AE3 /* Release */ = {
			isa = XCBuildConfiguration;
			buildSettings = {
				ASSETCATALOG_COMPILER_APPICON_NAME = AppIcon;
				ASSETCATALOG_COMPILER_GLOBAL_ACCENT_COLOR_NAME = AccentColor;
				CODE_SIGN_STYLE = Automatic;
				CURRENT_PROJECT_VERSION = 1;
				DEVELOPMENT_ASSET_PATHS = "\"CYTGM/Preview Content\"";
				ENABLE_PREVIEWS = YES;
				GENERATE_INFOPLIST_FILE = YES;
				INFOPLIST_KEY_UIApplicationSceneManifest_Generation = YES;
				INFOPLIST_KEY_UIApplicationSupportsIndirectInputEvents = YES;
				INFOPLIST_KEY_UILaunchScreen_Generation = YES;
				INFOPLIST_KEY_UISupportedInterfaceOrientations_iPad = "UIInterfaceOrientationPortrait UIInterfaceOrientationPortraitUpsideDown UIInterfaceOrientationLandscapeLeft UIInterfaceOrientationLandscapeRight";
				INFOPLIST_KEY_UISupportedInterfaceOrientations_iPhone = "UIInterfaceOrientationPortrait UIInterfaceOrientationLandscapeLeft UIInterfaceOrientationLandscapeRight";
				LD_RUNPATH_SEARCH_PATHS = (
					"$(inherited)",
					"@executable_path/Frameworks",
				);
				MARKETING_VERSION = 1.0;
				PRODUCT_BUNDLE_IDENTIFIER = MaiTran.CYTGM;
				PRODUCT_NAME = "$(TARGET_NAME)";
				SWIFT_EMIT_LOC_STRINGS = YES;
				SWIFT_VERSION = 5.0;
				TARGETED_DEVICE_FAMILY = "1,2";
			};
			name = Release;
		};
/* End XCBuildConfiguration section */

/* Begin XCConfigurationList section */
		3F04DEAF2BEEC21C00483AE3 /* Build configuration list for PBXProject "CYTGM" */ = {
			isa = XCConfigurationList;
			buildConfigurations = (
				3F04DEC02BEEC22000483AE3 /* Debug */,
				3F04DEC12BEEC22000483AE3 /* Release */,
			);
			defaultConfigurationIsVisible = 0;
			defaultConfigurationName = Release;
		};
		3F04DEC22BEEC22000483AE3 /* Build configuration list for PBXNativeTarget "CYTGM" */ = {
			isa = XCConfigurationList;
			buildConfigurations = (
				3F04DEC32BEEC22000483AE3 /* Debug */,
				3F04DEC42BEEC22000483AE3 /* Release */,
			);
			defaultConfigurationIsVisible = 0;
			defaultConfigurationName = Release;
		};
/* End XCConfigurationList section */
	};
	rootObject = 3F04DEAC2BEEC21C00483AE3 /* Project object */;
}
